lockfileVersion: 5.4

specifiers:
  '@ghostebony/utils': 0.0.6
  prettier: ^2.7.1
  typescript: ^4.8.3

dependencies:
  '@ghostebony/utils': 0.0.6

devDependencies:
  prettier: 2.7.1
  typescript: 4.8.3

packages:

  /@ghostebony/utils/0.0.6:
    resolution: {integrity: sha512-QrowWs8dT+T9RI0HCc4oGqaqL3+pSpzyxJKgyVtUV7xftGOHlPdMNnfhb1EpjfSMI/8dknW1h9SbD1x4JTvBTA==}
    requiresBuild: true
    dev: false

  /prettier/2.7.1:
    resolution: {integrity: sha512-ujppO+MkdPqoVINuDFDRLClm7D78qbDt0/NR+wp5FqEZOoTNAjPHWj17QRhu7geIHJfcNhRk1XVQmF8Bp3ye+g==}
    engines: {node: '>=10.13.0'}
    hasBin: true
    dev: true

  /typescript/4.8.3:
    resolution: {integrity: sha512-goMHfm00nWPa8UvR/CPSvykqf6dVV8x/dp0c5mFTMTIu0u0FlGWRioyy7Nn0PGAdHxpJZnuO/ut+PpQ8UiHAig==}
    engines: {node: '>=4.2.0'}
    hasBin: true
    dev: true
